
Microsoft Visual Studio Solution File, Format Version 12.00
# Visual Studio Version 17
VisualStudioVersion = 17.5.33516.290
MinimumVisualStudioVersion = 10.0.40219.1
Project("{FAE04EC0-301F-11D3-BF4B-00C04F79EFBC}") = "WindowsFormsApp1", "WindowsFormsApp1\WindowsFormsApp1.csproj", "{BAB25269-A5DD-4D5E-85B8-B45D5C9785DF}"
EndProject
Global
	GlobalSection(SolutionConfigurationPlatforms) = preSolution
		Debug|Any CPU = Debug|Any CPU
		Release|Any CPU = Release|Any CPU
	EndGlobalSection
	GlobalSection(ProjectConfigurationPlatforms) = postSolution
		{BAB25269-A5DD-4D5E-85B8-B45D5C9785DF}.Debug|Any CPU.ActiveCfg = Debug|Any CPU
		{BAB25269-A5DD-4D5E-85B8-B45D5C9785DF}.Debug|Any CPU.Build.0 = Debug|Any CPU
		{BAB25269-A5DD-4D5E-85B8-B45D5C9785DF}.Release|Any CPU.ActiveCfg = Release|Any CPU
		{BAB25269-A5DD-4D5E-85B8-B45D5C9785DF}.Release|Any CPU.Build.0 = Release|Any CPU
	EndGlobalSection
	GlobalSection(SolutionProperties) = preSolution
		HideSolutionNode = FALSE
	EndGlobalSection
	GlobalSection(ExtensibilityGlobals) = postSolution
		SolutionGuid = {DE4B1996-C822-4306-936F-5B554F207934}
	EndGlobalSection
EndGlobal
